
Microsoft Visual Studio Solution File, Format Version 12.00
# Visual Studio 15
VisualStudioVersion = 15.0.26730.10
MinimumVisualStudioVersion = 10.0.40219.1
Project("{FAE04EC0-301F-11D3-BF4B-00C04F79EFBC}") = "WebAppSecurity", "WebAppSecurity\WebAppSecurity.csproj", "{DA953FDD-5E03-4CCE-8298-1CB7BF12FF26}"
EndProject
Project("{FAE04EC0-301F-11D3-BF4B-00C04F79EFBC}") = "WebAppSecurity.Tests", "WebAppSecurity.Tests\WebAppSecurity.Tests.csproj", "{658D2F99-3F0F-489D-9A4C-EB52CA6A95F2}"
EndProject
Global
	GlobalSection(SolutionConfigurationPlatforms) = preSolution
		Debug|Any CPU = Debug|Any CPU
		Release|Any CPU = Release|Any CPU
	EndGlobalSection
	GlobalSection(ProjectConfigurationPlatforms) = postSolution
		{DA953FDD-5E03-4CCE-8298-1CB7BF12FF26}.Debug|Any CPU.ActiveCfg = Debug|Any CPU
		{DA953FDD-5E03-4CCE-8298-1CB7BF12FF26}.Debug|Any CPU.Build.0 = Debug|Any CPU
		{DA953FDD-5E03-4CCE-8298-1CB7BF12FF26}.Release|Any CPU.ActiveCfg = Release|Any CPU
		{DA953FDD-5E03-4CCE-8298-1CB7BF12FF26}.Release|Any CPU.Build.0 = Release|Any CPU
		{658D2F99-3F0F-489D-9A4C-EB52CA6A95F2}.Debug|Any CPU.ActiveCfg = Debug|Any CPU
		{658D2F99-3F0F-489D-9A4C-EB52CA6A95F2}.Debug|Any CPU.Build.0 = Debug|Any CPU
		{658D2F99-3F0F-489D-9A4C-EB52CA6A95F2}.Release|Any CPU.ActiveCfg = Release|Any CPU
		{658D2F99-3F0F-489D-9A4C-EB52CA6A95F2}.Release|Any CPU.Build.0 = Release|Any CPU
	EndGlobalSection
	GlobalSection(SolutionProperties) = preSolution
		HideSolutionNode = FALSE
	EndGlobalSection
	GlobalSection(ExtensibilityGlobals) = postSolution
		SolutionGuid = {16EDEEE3-4D33-40FA-8CBD-0E7AF3A58955}
	EndGlobalSection
EndGlobal
